
Microsoft Visual Studio Solution File, Format Version 12.00
# Visual Studio Version 17
VisualStudioVersion = 17.9.34622.214
MinimumVisualStudioVersion = 10.0.40219.1
Project("{2150E333-8FDC-42A3-9474-1A3956D46DE8}") = "FrontEnd", "FrontEnd", "{C8D5A470-ADB3-47F3-A365-FD9F323BDC33}"
EndProject
Project("{FAE04EC0-301F-11D3-BF4B-00C04F79EFBC}") = "GeekShopping.Web", "FrontEnd\GeekShopping.web\GeekShopping.Web.csproj", "{D5C0B6C8-9373-4604-BB71-FDADF32B2730}"
EndProject
Project("{2150E333-8FDC-42A3-9474-1A3956D46DE8}") = "Gateway", "Gateway", "{4F2C4750-DC79-4BD7-B92D-14D9A00C7ADE}"
EndProject
Project("{FAE04EC0-301F-11D3-BF4B-00C04F79EFBC}") = "GeekShopping.APIGateway", "Gateway\GeekShopping.APIGateway\GeekShopping.APIGateway.csproj", "{DD75DE6B-E6C0-4316-B090-EAF1D1735206}"
EndProject
Project("{2150E333-8FDC-42A3-9474-1A3956D46DE8}") = "Integration", "Integration", "{BCFA082C-1034-4BFE-8730-7E81CC6F2FE6}"
EndProject
Project("{FAE04EC0-301F-11D3-BF4B-00C04F79EFBC}") = "GeekShopping.MessageBus", "Integration\GeekShopping.MessageBus\GeekShopping.MessageBus.csproj", "{BF2736AB-A437-4A82-A544-F5B1BF0C7430}"
EndProject
Project("{FAE04EC0-301F-11D3-BF4B-00C04F79EFBC}") = "GeekShopping.PaymentProcessor", "Integration\GeekShopping.PaymentProcessor\GeekShopping.PaymentProcessor.csproj", "{0574A6FB-759C-446C-B38D-3BB8F14A846A}"
EndProject
Project("{2150E333-8FDC-42A3-9474-1A3956D46DE8}") = "Services", "Services", "{39CABD5D-27FD-40DD-AD24-1C5F36E5C4E6}"
EndProject
Project("{FAE04EC0-301F-11D3-BF4B-00C04F79EFBC}") = "GeekShopping.CartAPI", "Services\GeekShopping.CartAPI\GeekShopping.CartAPI.csproj", "{1C1A46F1-784F-44B6-8FFA-6C63DE17BBB1}"
EndProject
Project("{FAE04EC0-301F-11D3-BF4B-00C04F79EFBC}") = "GeekShopping.CouponAPI", "Services\GeekShopping.CouponAPI\GeekShopping.CouponAPI.csproj", "{F71898A9-1D35-49A8-B8A1-FED66837DAD8}"
EndProject
Project("{FAE04EC0-301F-11D3-BF4B-00C04F79EFBC}") = "GeekShopping.Email", "Services\GeekShopping.Email\GeekShopping.Email.csproj", "{C9758716-128F-4DC8-8DAF-B2E85D5E766A}"
EndProject
Project("{FAE04EC0-301F-11D3-BF4B-00C04F79EFBC}") = "GeekShopping.IdentityServer", "Services\GeekShopping.IdentityServer\GeekShopping.IdentityServer.csproj", "{43587A27-F87C-4596-ACC7-4E917666597D}"
EndProject
Project("{FAE04EC0-301F-11D3-BF4B-00C04F79EFBC}") = "GeekShopping.OrderAPI", "Services\GeekShopping.OrderAPI\GeekShopping.OrderAPI.csproj", "{291A4F63-C8F2-4B6E-BEF0-B9FBB77C87C6}"
EndProject
Project("{FAE04EC0-301F-11D3-BF4B-00C04F79EFBC}") = "GeekShopping.PaymentAPI", "Services\GeekShopping.PaymentAPI\GeekShopping.PaymentAPI.csproj", "{A6364F68-D637-4A33-AF5A-162C0AA7AB72}"
EndProject
Project("{FAE04EC0-301F-11D3-BF4B-00C04F79EFBC}") = "GeekShopping.ProductAPI", "Services\GeekShopping.ProductAPI\GeekShopping.ProductAPI.csproj", "{41E4EB2F-77E8-4177-81FB-73403B11B571}"
EndProject
Global
	GlobalSection(SolutionConfigurationPlatforms) = preSolution
		Debug|Any CPU = Debug|Any CPU
		Release|Any CPU = Release|Any CPU
	EndGlobalSection
	GlobalSection(ProjectConfigurationPlatforms) = postSolution
		{D5C0B6C8-9373-4604-BB71-FDADF32B2730}.Debug|Any CPU.ActiveCfg = Debug|Any CPU
		{D5C0B6C8-9373-4604-BB71-FDADF32B2730}.Debug|Any CPU.Build.0 = Debug|Any CPU
		{D5C0B6C8-9373-4604-BB71-FDADF32B2730}.Release|Any CPU.ActiveCfg = Release|Any CPU
		{D5C0B6C8-9373-4604-BB71-FDADF32B2730}.Release|Any CPU.Build.0 = Release|Any CPU
		{DD75DE6B-E6C0-4316-B090-EAF1D1735206}.Debug|Any CPU.ActiveCfg = Debug|Any CPU
		{DD75DE6B-E6C0-4316-B090-EAF1D1735206}.Debug|Any CPU.Build.0 = Debug|Any CPU
		{DD75DE6B-E6C0-4316-B090-EAF1D1735206}.Release|Any CPU.ActiveCfg = Release|Any CPU
		{DD75DE6B-E6C0-4316-B090-EAF1D1735206}.Release|Any CPU.Build.0 = Release|Any CPU
		{BF2736AB-A437-4A82-A544-F5B1BF0C7430}.Debug|Any CPU.ActiveCfg = Debug|Any CPU
		{BF2736AB-A437-4A82-A544-F5B1BF0C7430}.Debug|Any CPU.Build.0 = Debug|Any CPU
		{BF2736AB-A437-4A82-A544-F5B1BF0C7430}.Release|Any CPU.ActiveCfg = Release|Any CPU
		{BF2736AB-A437-4A82-A544-F5B1BF0C7430}.Release|Any CPU.Build.0 = Release|Any CPU
		{0574A6FB-759C-446C-B38D-3BB8F14A846A}.Debug|Any CPU.ActiveCfg = Debug|Any CPU
		{0574A6FB-759C-446C-B38D-3BB8F14A846A}.Debug|Any CPU.Build.0 = Debug|Any CPU
		{0574A6FB-759C-446C-B38D-3BB8F14A846A}.Release|Any CPU.ActiveCfg = Release|Any CPU
		{0574A6FB-759C-446C-B38D-3BB8F14A846A}.Release|Any CPU.Build.0 = Release|Any CPU
		{1C1A46F1-784F-44B6-8FFA-6C63DE17BBB1}.Debug|Any CPU.ActiveCfg = Debug|Any CPU
		{1C1A46F1-784F-44B6-8FFA-6C63DE17BBB1}.Debug|Any CPU.Build.0 = Debug|Any CPU
		{1C1A46F1-784F-44B6-8FFA-6C63DE17BBB1}.Release|Any CPU.ActiveCfg = Release|Any CPU
		{1C1A46F1-784F-44B6-8FFA-6C63DE17BBB1}.Release|Any CPU.Build.0 = Release|Any CPU
		{F71898A9-1D35-49A8-B8A1-FED66837DAD8}.Debug|Any CPU.ActiveCfg = Debug|Any CPU
		{F71898A9-1D35-49A8-B8A1-FED66837DAD8}.Debug|Any CPU.Build.0 = Debug|Any CPU
		{F71898A9-1D35-49A8-B8A1-FED66837DAD8}.Release|Any CPU.ActiveCfg = Release|Any CPU
		{F71898A9-1D35-49A8-B8A1-FED66837DAD8}.Release|Any CPU.Build.0 = Release|Any CPU
		{C9758716-128F-4DC8-8DAF-B2E85D5E766A}.Debug|Any CPU.ActiveCfg = Debug|Any CPU
		{C9758716-128F-4DC8-8DAF-B2E85D5E766A}.Debug|Any CPU.Build.0 = Debug|Any CPU
		{C9758716-128F-4DC8-8DAF-B2E85D5E766A}.Release|Any CPU.ActiveCfg = Release|Any CPU
		{C9758716-128F-4DC8-8DAF-B2E85D5E766A}.Release|Any CPU.Build.0 = Release|Any CPU
		{43587A27-F87C-4596-ACC7-4E917666597D}.Debug|Any CPU.ActiveCfg = Debug|Any CPU
		{43587A27-F87C-4596-ACC7-4E917666597D}.Debug|Any CPU.Build.0 = Debug|Any CPU
		{43587A27-F87C-4596-ACC7-4E917666597D}.Release|Any CPU.ActiveCfg = Release|Any CPU
		{43587A27-F87C-4596-ACC7-4E917666597D}.Release|Any CPU.Build.0 = Release|Any CPU
		{291A4F63-C8F2-4B6E-BEF0-B9FBB77C87C6}.Debug|Any CPU.ActiveCfg = Debug|Any CPU
		{291A4F63-C8F2-4B6E-BEF0-B9FBB77C87C6}.Debug|Any CPU.Build.0 = Debug|Any CPU
		{291A4F63-C8F2-4B6E-BEF0-B9FBB77C87C6}.Release|Any CPU.ActiveCfg = Release|Any CPU
		{291A4F63-C8F2-4B6E-BEF0-B9FBB77C87C6}.Release|Any CPU.Build.0 = Release|Any CPU
		{A6364F68-D637-4A33-AF5A-162C0AA7AB72}.Debug|Any CPU.ActiveCfg = Debug|Any CPU
		{A6364F68-D637-4A33-AF5A-162C0AA7AB72}.Debug|Any CPU.Build.0 = Debug|Any CPU
		{A6364F68-D637-4A33-AF5A-162C0AA7AB72}.Release|Any CPU.ActiveCfg = Release|Any CPU
		{A6364F68-D637-4A33-AF5A-162C0AA7AB72}.Release|Any CPU.Build.0 = Release|Any CPU
		{41E4EB2F-77E8-4177-81FB-73403B11B571}.Debug|Any CPU.ActiveCfg = Debug|Any CPU
		{41E4EB2F-77E8-4177-81FB-73403B11B571}.Debug|Any CPU.Build.0 = Debug|Any CPU
		{41E4EB2F-77E8-4177-81FB-73403B11B571}.Release|Any CPU.ActiveCfg = Release|Any CPU
		{41E4EB2F-77E8-4177-81FB-73403B11B571}.Release|Any CPU.Build.0 = Release|Any CPU
	EndGlobalSection
	GlobalSection(SolutionProperties) = preSolution
		HideSolutionNode = FALSE
	EndGlobalSection
	GlobalSection(NestedProjects) = preSolution
		{D5C0B6C8-9373-4604-BB71-FDADF32B2730} = {C8D5A470-ADB3-47F3-A365-FD9F323BDC33}
		{DD75DE6B-E6C0-4316-B090-EAF1D1735206} = {4F2C4750-DC79-4BD7-B92D-14D9A00C7ADE}
		{BF2736AB-A437-4A82-A544-F5B1BF0C7430} = {BCFA082C-1034-4BFE-8730-7E81CC6F2FE6}
		{0574A6FB-759C-446C-B38D-3BB8F14A846A} = {BCFA082C-1034-4BFE-8730-7E81CC6F2FE6}
		{1C1A46F1-784F-44B6-8FFA-6C63DE17BBB1} = {39CABD5D-27FD-40DD-AD24-1C5F36E5C4E6}
		{F71898A9-1D35-49A8-B8A1-FED66837DAD8} = {39CABD5D-27FD-40DD-AD24-1C5F36E5C4E6}
		{C9758716-128F-4DC8-8DAF-B2E85D5E766A} = {39CABD5D-27FD-40DD-AD24-1C5F36E5C4E6}
		{43587A27-F87C-4596-ACC7-4E917666597D} = {39CABD5D-27FD-40DD-AD24-1C5F36E5C4E6}
		{291A4F63-C8F2-4B6E-BEF0-B9FBB77C87C6} = {39CABD5D-27FD-40DD-AD24-1C5F36E5C4E6}
		{A6364F68-D637-4A33-AF5A-162C0AA7AB72} = {39CABD5D-27FD-40DD-AD24-1C5F36E5C4E6}
		{41E4EB2F-77E8-4177-81FB-73403B11B571} = {39CABD5D-27FD-40DD-AD24-1C5F36E5C4E6}
	EndGlobalSection
	GlobalSection(ExtensibilityGlobals) = postSolution
		SolutionGuid = {0D4483C9-0A6C-4260-B6FF-E6818192BE43}
	EndGlobalSection
EndGlobal
