
Microsoft Visual Studio Solution File, Format Version 12.00
# Visual Studio Version 17
VisualStudioVersion = 17.9.34622.214
MinimumVisualStudioVersion = 10.0.40219.1
Project("{2150E333-8FDC-42A3-9474-1A3956D46DE8}") = "FrontEnd", "FrontEnd", "{34AB7E2A-C17E-406D-A558-FC2F239ADBB2}"
EndProject
Project("{FAE04EC0-301F-11D3-BF4B-00C04F79EFBC}") = "GeekShopping.web", "FrontEnd\GeekShopping.web\GeekShopping.web.csproj", "{BAD42C19-855B-4B39-AAC5-BA49E82EA04A}"
EndProject
Project("{2150E333-8FDC-42A3-9474-1A3956D46DE8}") = "Services", "Services", "{9A30DE13-36CF-454A-8BE6-7B8202793451}"
EndProject
Project("{FAE04EC0-301F-11D3-BF4B-00C04F79EFBC}") = "GeekShopping.ProductAPI", "Services\GeekShopping.ProductAPI\GeekShopping.ProductAPI.csproj", "{CE0DAD78-D24F-4950-9B09-F48C417F00F3}"
EndProject
Global
	GlobalSection(SolutionConfigurationPlatforms) = preSolution
		Debug|Any CPU = Debug|Any CPU
		Release|Any CPU = Release|Any CPU
	EndGlobalSection
	GlobalSection(ProjectConfigurationPlatforms) = postSolution
		{BAD42C19-855B-4B39-AAC5-BA49E82EA04A}.Debug|Any CPU.ActiveCfg = Debug|Any CPU
		{BAD42C19-855B-4B39-AAC5-BA49E82EA04A}.Debug|Any CPU.Build.0 = Debug|Any CPU
		{BAD42C19-855B-4B39-AAC5-BA49E82EA04A}.Release|Any CPU.ActiveCfg = Release|Any CPU
		{BAD42C19-855B-4B39-AAC5-BA49E82EA04A}.Release|Any CPU.Build.0 = Release|Any CPU
		{CE0DAD78-D24F-4950-9B09-F48C417F00F3}.Debug|Any CPU.ActiveCfg = Debug|Any CPU
		{CE0DAD78-D24F-4950-9B09-F48C417F00F3}.Debug|Any CPU.Build.0 = Debug|Any CPU
		{CE0DAD78-D24F-4950-9B09-F48C417F00F3}.Release|Any CPU.ActiveCfg = Release|Any CPU
		{CE0DAD78-D24F-4950-9B09-F48C417F00F3}.Release|Any CPU.Build.0 = Release|Any CPU
	EndGlobalSection
	GlobalSection(SolutionProperties) = preSolution
		HideSolutionNode = FALSE
	EndGlobalSection
	GlobalSection(NestedProjects) = preSolution
		{BAD42C19-855B-4B39-AAC5-BA49E82EA04A} = {34AB7E2A-C17E-406D-A558-FC2F239ADBB2}
		{CE0DAD78-D24F-4950-9B09-F48C417F00F3} = {9A30DE13-36CF-454A-8BE6-7B8202793451}
	EndGlobalSection
	GlobalSection(ExtensibilityGlobals) = postSolution
		SolutionGuid = {0D4483C9-0A6C-4260-B6FF-E6818192BE43}
	EndGlobalSection
EndGlobal
